// !$*UTF8*$!
{
	archiveVersion = 1;
	classes = {
	};
	objectVersion = 46;
	objects = {

/* Begin PBXBuildFile section */
		8810836A194FEE900078727B /* sorts.swift in Sources */ = {isa = PBXBuildFile; fileRef = 889486181940407500FAA122 /* sorts.swift */; };
		8810836B194FEE900078727B /* sortUtils.swift in Sources */ = {isa = PBXBuildFile; fileRef = 889486161940406B00FAA122 /* sortUtils.swift */; };
		8876DD9019A05D9A00F56BC3 /* SwiftSortsUtilsTests.swift in Sources */ = {isa = PBXBuildFile; fileRef = 8876DD8F19A05D9A00F56BC3 /* SwiftSortsUtilsTests.swift */; };
		8876DD9219A07B1900F56BC3 /* SortAlgorithmBenchmark.swift in Sources */ = {isa = PBXBuildFile; fileRef = 8876DD9119A07B1900F56BC3 /* SortAlgorithmBenchmark.swift */; };
		8876DD9319A07B5F00F56BC3 /* SortAlgorithmBenchmark.swift in Sources */ = {isa = PBXBuildFile; fileRef = 8876DD9119A07B1900F56BC3 /* SortAlgorithmBenchmark.swift */; };
		889486171940406B00FAA122 /* sortUtils.swift in Sources */ = {isa = PBXBuildFile; fileRef = 889486161940406B00FAA122 /* sortUtils.swift */; };
		889486191940407500FAA122 /* sorts.swift in Sources */ = {isa = PBXBuildFile; fileRef = 889486181940407500FAA122 /* sorts.swift */; };
		88948623194040A700FAA122 /* SwiftSortsTests.swift in Sources */ = {isa = PBXBuildFile; fileRef = 88948622194040A700FAA122 /* SwiftSortsTests.swift */; };
		88A0A4E519508B3E00672F9A /* SwiftSortsPerformanceTests.swift in Sources */ = {isa = PBXBuildFile; fileRef = 88A0A4E419508B3E00672F9A /* SwiftSortsPerformanceTests.swift */; };
		88B3D56F193EE32D000006CD /* main.swift in Sources */ = {isa = PBXBuildFile; fileRef = 88B3D56E193EE32D000006CD /* main.swift */; };
/* End PBXBuildFile section */

/* Begin PBXCopyFilesBuildPhase section */
		88B3D569193EE32D000006CD /* CopyFiles */ = {
			isa = PBXCopyFilesBuildPhase;
			buildActionMask = 2147483647;
			dstPath = /usr/share/man/man1/;
			dstSubfolderSpec = 0;
			files = (
			);
			runOnlyForDeploymentPostprocessing = 1;
		};
/* End PBXCopyFilesBuildPhase section */

/* Begin PBXFileReference section */
		8876DD8F19A05D9A00F56BC3 /* SwiftSortsUtilsTests.swift */ = {isa = PBXFileReference; fileEncoding = 4; lastKnownFileType = sourcecode.swift; path = SwiftSortsUtilsTests.swift; sourceTree = "<group>"; };
		8876DD9119A07B1900F56BC3 /* SortAlgorithmBenchmark.swift */ = {isa = PBXFileReference; fileEncoding = 4; lastKnownFileType = sourcecode.swift; path = SortAlgorithmBenchmark.swift; sourceTree = "<group>"; };
		889486161940406B00FAA122 /* sortUtils.swift */ = {isa = PBXFileReference; fileEncoding = 4; lastKnownFileType = sourcecode.swift; path = sortUtils.swift; sourceTree = "<group>"; };
		889486181940407500FAA122 /* sorts.swift */ = {isa = PBXFileReference; fileEncoding = 4; lastKnownFileType = sourcecode.swift; path = sorts.swift; sourceTree = "<group>"; };
		8894861E194040A700FAA122 /* SwiftSortsTests.xctest */ = {isa = PBXFileReference; explicitFileType = wrapper.cfbundle; includeInIndex = 0; path = SwiftSortsTests.xctest; sourceTree = BUILT_PRODUCTS_DIR; };
		88948621194040A700FAA122 /* Info.plist */ = {isa = PBXFileReference; lastKnownFileType = text.plist.xml; path = Info.plist; sourceTree = "<group>"; };
		88948622194040A700FAA122 /* SwiftSortsTests.swift */ = {isa = PBXFileReference; lastKnownFileType = sourcecode.swift; path = SwiftSortsTests.swift; sourceTree = "<group>"; };
		88A0A4E419508B3E00672F9A /* SwiftSortsPerformanceTests.swift */ = {isa = PBXFileReference; fileEncoding = 4; lastKnownFileType = sourcecode.swift; path = SwiftSortsPerformanceTests.swift; sourceTree = "<group>"; };
		88B3D56B193EE32D000006CD /* SwiftSorts */ = {isa = PBXFileReference; explicitFileType = "compiled.mach-o.executable"; includeInIndex = 0; path = SwiftSorts; sourceTree = BUILT_PRODUCTS_DIR; };
		88B3D56E193EE32D000006CD /* main.swift */ = {isa = PBXFileReference; lastKnownFileType = sourcecode.swift; path = main.swift; sourceTree = "<group>"; };
/* End PBXFileReference section */

/* Begin PBXFrameworksBuildPhase section */
		8894861B194040A700FAA122 /* Frameworks */ = {
			isa = PBXFrameworksBuildPhase;
			buildActionMask = 2147483647;
			files = (
			);
			runOnlyForDeploymentPostprocessing = 0;
		};
		88B3D568193EE32D000006CD /* Frameworks */ = {
			isa = PBXFrameworksBuildPhase;
			buildActionMask = 2147483647;
			files = (
			);
			runOnlyForDeploymentPostprocessing = 0;
		};
/* End PBXFrameworksBuildPhase section */

/* Begin PBXGroup section */
		8894861F194040A700FAA122 /* SwiftSortsTests */ = {
			isa = PBXGroup;
			children = (
				88948622194040A700FAA122 /* SwiftSortsTests.swift */,
				88A0A4E419508B3E00672F9A /* SwiftSortsPerformanceTests.swift */,
				8876DD8F19A05D9A00F56BC3 /* SwiftSortsUtilsTests.swift */,
				88948620194040A700FAA122 /* Supporting Files */,
			);
			path = SwiftSortsTests;
			sourceTree = "<group>";
		};
		88948620194040A700FAA122 /* Supporting Files */ = {
			isa = PBXGroup;
			children = (
				88948621194040A700FAA122 /* Info.plist */,
			);
			name = "Supporting Files";
			sourceTree = "<group>";
		};
		88B3D562193EE32D000006CD = {
			isa = PBXGroup;
			children = (
				88B3D56D193EE32D000006CD /* SwiftSorts */,
				8894861F194040A700FAA122 /* SwiftSortsTests */,
				88B3D56C193EE32D000006CD /* Products */,
			);
			sourceTree = "<group>";
		};
		88B3D56C193EE32D000006CD /* Products */ = {
			isa = PBXGroup;
			children = (
				88B3D56B193EE32D000006CD /* SwiftSorts */,
				8894861E194040A700FAA122 /* SwiftSortsTests.xctest */,
			);
			name = Products;
			sourceTree = "<group>";
		};
		88B3D56D193EE32D000006CD /* SwiftSorts */ = {
			isa = PBXGroup;
			children = (
				88B3D56E193EE32D000006CD /* main.swift */,
				889486181940407500FAA122 /* sorts.swift */,
				889486161940406B00FAA122 /* sortUtils.swift */,
				8876DD9119A07B1900F56BC3 /* SortAlgorithmBenchmark.swift */,
			);
			path = SwiftSorts;
			sourceTree = "<group>";
		};
/* End PBXGroup section */

/* Begin PBXNativeTarget section */
		8894861D194040A700FAA122 /* SwiftSortsTests */ = {
			isa = PBXNativeTarget;
			buildConfigurationList = 88948624194040A700FAA122 /* Build configuration list for PBXNativeTarget "SwiftSortsTests" */;
			buildPhases = (
				8894861A194040A700FAA122 /* Sources */,
				8894861B194040A700FAA122 /* Frameworks */,
				8894861C194040A700FAA122 /* Resources */,
			);
			buildRules = (
			);
			dependencies = (
			);
			name = SwiftSortsTests;
			productName = SwiftSortsTests;
			productReference = 8894861E194040A700FAA122 /* SwiftSortsTests.xctest */;
			productType = "com.apple.product-type.bundle.unit-test";
		};
		88B3D56A193EE32D000006CD /* SwiftSorts */ = {
			isa = PBXNativeTarget;
			buildConfigurationList = 88B3D572193EE32D000006CD /* Build configuration list for PBXNativeTarget "SwiftSorts" */;
			buildPhases = (
				88B3D567193EE32D000006CD /* Sources */,
				88B3D568193EE32D000006CD /* Frameworks */,
				88B3D569193EE32D000006CD /* CopyFiles */,
			);
			buildRules = (
			);
			dependencies = (
			);
			name = SwiftSorts;
			productName = SwiftSorts;
			productReference = 88B3D56B193EE32D000006CD /* SwiftSorts */;
			productType = "com.apple.product-type.tool";
		};
/* End PBXNativeTarget section */

/* Begin PBXProject section */
		88B3D563193EE32D000006CD /* Project object */ = {
			isa = PBXProject;
			attributes = {
				LastUpgradeCheck = 0610;
				ORGANIZATIONNAME = "Hexed Bits";
				TargetAttributes = {
					8894861D194040A700FAA122 = {
						CreatedOnToolsVersion = 6.0;
					};
					88B3D56A193EE32D000006CD = {
						CreatedOnToolsVersion = 6.0;
					};
				};
			};
			buildConfigurationList = 88B3D566193EE32D000006CD /* Build configuration list for PBXProject "SwiftSorts" */;
			compatibilityVersion = "Xcode 3.2";
			developmentRegion = English;
			hasScannedForEncodings = 0;
			knownRegions = (
				en,
			);
			mainGroup = 88B3D562193EE32D000006CD;
			productRefGroup = 88B3D56C193EE32D000006CD /* Products */;
			projectDirPath = "";
			projectRoot = "";
			targets = (
				88B3D56A193EE32D000006CD /* SwiftSorts */,
				8894861D194040A700FAA122 /* SwiftSortsTests */,
			);
		};
/* End PBXProject section */

/* Begin PBXResourcesBuildPhase section */
		8894861C194040A700FAA122 /* Resources */ = {
			isa = PBXResourcesBuildPhase;
			buildActionMask = 2147483647;
			files = (
			);
			runOnlyForDeploymentPostprocessing = 0;
		};
/* End PBXResourcesBuildPhase section */

/* Begin PBXSourcesBuildPhase section */
		8894861A194040A700FAA122 /* Sources */ = {
			isa = PBXSourcesBuildPhase;
			buildActionMask = 2147483647;
			files = (
				8876DD9319A07B5F00F56BC3 /* SortAlgorithmBenchmark.swift in Sources */,
				8876DD9019A05D9A00F56BC3 /* SwiftSortsUtilsTests.swift in Sources */,
				88A0A4E519508B3E00672F9A /* SwiftSortsPerformanceTests.swift in Sources */,
				8810836A194FEE900078727B /* sorts.swift in Sources */,
				8810836B194FEE900078727B /* sortUtils.swift in Sources */,
				88948623194040A700FAA122 /* SwiftSortsTests.swift in Sources */,
			);
			runOnlyForDeploymentPostprocessing = 0;
		};
		88B3D567193EE32D000006CD /* Sources */ = {
			isa = PBXSourcesBuildPhase;
			buildActionMask = 2147483647;
			files = (
				889486191940407500FAA122 /* sorts.swift in Sources */,
				8876DD9219A07B1900F56BC3 /* SortAlgorithmBenchmark.swift in Sources */,
				88B3D56F193EE32D000006CD /* main.swift in Sources */,
				889486171940406B00FAA122 /* sortUtils.swift in Sources */,
			);
			runOnlyForDeploymentPostprocessing = 0;
		};
/* End PBXSourcesBuildPhase section */

/* Begin XCBuildConfiguration section */
		88948625194040A700FAA122 /* Debug */ = {
			isa = XCBuildConfiguration;
			buildSettings = {
				COMBINE_HIDPI_IMAGES = YES;
				FRAMEWORK_SEARCH_PATHS = (
					"$(DEVELOPER_FRAMEWORKS_DIR)",
					"$(inherited)",
				);
				GCC_OPTIMIZATION_LEVEL = 3;
				GCC_PREPROCESSOR_DEFINITIONS = (
					"DEBUG=1",
					"$(inherited)",
				);
				INFOPLIST_FILE = SwiftSortsTests/Info.plist;
				LD_RUNPATH_SEARCH_PATHS = "$(inherited) @executable_path/../Frameworks @loader_path/../Frameworks";
				METAL_ENABLE_DEBUG_INFO = YES;
				PRODUCT_NAME = "$(TARGET_NAME)";
				SWIFT_OPTIMIZATION_LEVEL = "-O";
			};
			name = Debug;
		};
		88948626194040A700FAA122 /* Release */ = {
			isa = XCBuildConfiguration;
			buildSettings = {
				COMBINE_HIDPI_IMAGES = YES;
				FRAMEWORK_SEARCH_PATHS = (
					"$(DEVELOPER_FRAMEWORKS_DIR)",
					"$(inherited)",
				);
				GCC_OPTIMIZATION_LEVEL = 3;
				INFOPLIST_FILE = SwiftSortsTests/Info.plist;
				LD_RUNPATH_SEARCH_PATHS = "$(inherited) @executable_path/../Frameworks @loader_path/../Frameworks";
				METAL_ENABLE_DEBUG_INFO = NO;
				PRODUCT_NAME = "$(TARGET_NAME)";
				SWIFT_OPTIMIZATION_LEVEL = "-O";
			};
			name = Release;
		};
		88B3D570193EE32D000006CD /* Debug */ = {
			isa = XCBuildConfiguration;
			buildSettings = {
				ALWAYS_SEARCH_USER_PATHS = NO;
				CLANG_CXX_LANGUAGE_STANDARD = "gnu++0x";
				CLANG_CXX_LIBRARY = "libc++";
				CLANG_ENABLE_MODULES = YES;
				CLANG_ENABLE_OBJC_ARC = YES;
				CLANG_WARN_BOOL_CONVERSION = YES;
				CLANG_WARN_CONSTANT_CONVERSION = YES;
				CLANG_WARN_DIRECT_OBJC_ISA_USAGE = YES_ERROR;
				CLANG_WARN_EMPTY_BODY = YES;
				CLANG_WARN_ENUM_CONVERSION = YES;
				CLANG_WARN_INT_CONVERSION = YES;
				CLANG_WARN_OBJC_ROOT_CLASS = YES_ERROR;
				CLANG_WARN_UNREACHABLE_CODE = YES;
				CLANG_WARN__DUPLICATE_METHOD_MATCH = YES;
				COPY_PHASE_STRIP = NO;
				ENABLE_STRICT_OBJC_MSGSEND = YES;
				GCC_C_LANGUAGE_STANDARD = gnu99;
				GCC_DYNAMIC_NO_PIC = NO;
				GCC_OPTIMIZATION_LEVEL = 0;
				GCC_PREPROCESSOR_DEFINITIONS = (
					"DEBUG=1",
					"$(inherited)",
				);
				GCC_SYMBOLS_PRIVATE_EXTERN = NO;
				GCC_WARN_64_TO_32_BIT_CONVERSION = YES;
				GCC_WARN_ABOUT_RETURN_TYPE = YES_ERROR;
				GCC_WARN_UNDECLARED_SELECTOR = YES;
				GCC_WARN_UNINITIALIZED_AUTOS = YES_AGGRESSIVE;
				GCC_WARN_UNUSED_FUNCTION = YES;
				GCC_WARN_UNUSED_VARIABLE = YES;
				MACOSX_DEPLOYMENT_TARGET = 10.9;
				METAL_ENABLE_DEBUG_INFO = YES;
				ONLY_ACTIVE_ARCH = YES;
				SDKROOT = macosx;
				SWIFT_OPTIMIZATION_LEVEL = "-Onone";
			};
			name = Debug;
		};
		88B3D571193EE32D000006CD /* Release */ = {
			isa = XCBuildConfiguration;
			buildSettings = {
				ALWAYS_SEARCH_USER_PATHS = NO;
				CLANG_CXX_LANGUAGE_STANDARD = "gnu++0x";
				CLANG_CXX_LIBRARY = "libc++";
				CLANG_ENABLE_MODULES = YES;
				CLANG_ENABLE_OBJC_ARC = YES;
				CLANG_WARN_BOOL_CONVERSION = YES;
				CLANG_WARN_CONSTANT_CONVERSION = YES;
				CLANG_WARN_DIRECT_OBJC_ISA_USAGE = YES_ERROR;
				CLANG_WARN_EMPTY_BODY = YES;
				CLANG_WARN_ENUM_CONVERSION = YES;
				CLANG_WARN_INT_CONVERSION = YES;
				CLANG_WARN_OBJC_ROOT_CLASS = YES_ERROR;
				CLANG_WARN_UNREACHABLE_CODE = YES;
				CLANG_WARN__DUPLICATE_METHOD_MATCH = YES;
				COPY_PHASE_STRIP = YES;
				DEBUG_INFORMATION_FORMAT = "dwarf-with-dsym";
				ENABLE_NS_ASSERTIONS = NO;
				ENABLE_STRICT_OBJC_MSGSEND = YES;
				GCC_C_LANGUAGE_STANDARD = gnu99;
				GCC_OPTIMIZATION_LEVEL = 3;
				GCC_WARN_64_TO_32_BIT_CONVERSION = YES;
				GCC_WARN_ABOUT_RETURN_TYPE = YES_ERROR;
				GCC_WARN_UNDECLARED_SELECTOR = YES;
				GCC_WARN_UNINITIALIZED_AUTOS = YES_AGGRESSIVE;
				GCC_WARN_UNUSED_FUNCTION = YES;
				GCC_WARN_UNUSED_VARIABLE = YES;
				MACOSX_DEPLOYMENT_TARGET = 10.9;
				METAL_ENABLE_DEBUG_INFO = NO;
				SDKROOT = macosx;
			};
			name = Release;
		};
		88B3D573193EE32D000006CD /* Debug */ = {
			isa = XCBuildConfiguration;
			buildSettings = {
				GCC_OPTIMIZATION_LEVEL = 0;
				PRODUCT_NAME = "$(TARGET_NAME)";
				SWIFT_OPTIMIZATION_LEVEL = "-Onone";
			};
			name = Debug;
		};
		88B3D574193EE32D000006CD /* Release */ = {
			isa = XCBuildConfiguration;
			buildSettings = {
				GCC_OPTIMIZATION_LEVEL = 3;
				PRODUCT_NAME = "$(TARGET_NAME)";
				SWIFT_OPTIMIZATION_LEVEL = "-O";
			};
			name = Release;
		};
/* End XCBuildConfiguration section */

/* Begin XCConfigurationList section */
		88948624194040A700FAA122 /* Build configuration list for PBXNativeTarget "SwiftSortsTests" */ = {
			isa = XCConfigurationList;
			buildConfigurations = (
				88948625194040A700FAA122 /* Debug */,
				88948626194040A700FAA122 /* Release */,
			);
			defaultConfigurationIsVisible = 0;
			defaultConfigurationName = Release;
		};
		88B3D566193EE32D000006CD /* Build configuration list for PBXProject "SwiftSorts" */ = {
			isa = XCConfigurationList;
			buildConfigurations = (
				88B3D570193EE32D000006CD /* Debug */,
				88B3D571193EE32D000006CD /* Release */,
			);
			defaultConfigurationIsVisible = 0;
			defaultConfigurationName = Release;
		};
		88B3D572193EE32D000006CD /* Build configuration list for PBXNativeTarget "SwiftSorts" */ = {
			isa = XCConfigurationList;
			buildConfigurations = (
				88B3D573193EE32D000006CD /* Debug */,
				88B3D574193EE32D000006CD /* Release */,
			);
			defaultConfigurationIsVisible = 0;
			defaultConfigurationName = Release;
		};
/* End XCConfigurationList section */
	};
	rootObject = 88B3D563193EE32D000006CD /* Project object */;
}
